// !$*UTF8*$!
{
	archiveVersion = 1;
	classes = {
	};
	objectVersion = 50;
	objects = {

/* Begin PBXBuildFile section */
		2D0E651B235510FC000FA707 /* AppDelegate.swift in Sources */ = {isa = PBXBuildFile; fileRef = 2D0E651A235510FC000FA707 /* AppDelegate.swift */; };
		2D0E651D235510FC000FA707 /* SceneDelegate.swift in Sources */ = {isa = PBXBuildFile; fileRef = 2D0E651C235510FC000FA707 /* SceneDelegate.swift */; };
		2D0E651F235510FC000FA707 /* ContentView.swift in Sources */ = {isa = PBXBuildFile; fileRef = 2D0E651E235510FC000FA707 /* ContentView.swift */; };
		2D0E6521235510FD000FA707 /* Assets.xcassets in Resources */ = {isa = PBXBuildFile; fileRef = 2D0E6520235510FD000FA707 /* Assets.xcassets */; };
		2D0E6524235510FD000FA707 /* Preview Assets.xcassets in Resources */ = {isa = PBXBuildFile; fileRef = 2D0E6523235510FD000FA707 /* Preview Assets.xcassets */; };
		2D0E6527235510FD000FA707 /* LaunchScreen.storyboard in Resources */ = {isa = PBXBuildFile; fileRef = 2D0E6525235510FD000FA707 /* LaunchScreen.storyboard */; };
/* End PBXBuildFile section */

/* Begin PBXFileReference section */
		2D0E6517235510FC000FA707 /* UnitConverter2.app */ = {isa = PBXFileReference; explicitFileType = wrapper.application; includeInIndex = 0; path = UnitConverter2.app; sourceTree = BUILT_PRODUCTS_DIR; };
		2D0E651A235510FC000FA707 /* AppDelegate.swift */ = {isa = PBXFileReference; lastKnownFileType = sourcecode.swift; path = AppDelegate.swift; sourceTree = "<group>"; };
		2D0E651C235510FC000FA707 /* SceneDelegate.swift */ = {isa = PBXFileReference; lastKnownFileType = sourcecode.swift; path = SceneDelegate.swift; sourceTree = "<group>"; };
		2D0E651E235510FC000FA707 /* ContentView.swift */ = {isa = PBXFileReference; lastKnownFileType = sourcecode.swift; path = ContentView.swift; sourceTree = "<group>"; };
		2D0E6520235510FD000FA707 /* Assets.xcassets */ = {isa = PBXFileReference; lastKnownFileType = folder.assetcatalog; path = Assets.xcassets; sourceTree = "<group>"; };
		2D0E6523235510FD000FA707 /* Preview Assets.xcassets */ = {isa = PBXFileReference; lastKnownFileType = folder.assetcatalog; path = "Preview Assets.xcassets"; sourceTree = "<group>"; };
		2D0E6526235510FD000FA707 /* Base */ = {isa = PBXFileReference; lastKnownFileType = file.storyboard; name = Base; path = Base.lproj/LaunchScreen.storyboard; sourceTree = "<group>"; };
		2D0E6528235510FD000FA707 /* Info.plist */ = {isa = PBXFileReference; lastKnownFileType = text.plist.xml; path = Info.plist; sourceTree = "<group>"; };
/* End PBXFileReference section */

/* Begin PBXFrameworksBuildPhase section */
		2D0E6514235510FC000FA707 /* Frameworks */ = {
			isa = PBXFrameworksBuildPhase;
			buildActionMask = 2147483647;
			files = (
			);
			runOnlyForDeploymentPostprocessing = 0;
		};
/* End PBXFrameworksBuildPhase section */

/* Begin PBXGroup section */
		2D0E650E235510FB000FA707 = {
			isa = PBXGroup;
			children = (
				2D0E6519235510FC000FA707 /* UnitConverter2 */,
				2D0E6518235510FC000FA707 /* Products */,
			);
			sourceTree = "<group>";
		};
		2D0E6518235510FC000FA707 /* Products */ = {
			isa = PBXGroup;
			children = (
				2D0E6517235510FC000FA707 /* UnitConverter2.app */,
			);
			name = Products;
			sourceTree = "<group>";
		};
		2D0E6519235510FC000FA707 /* UnitConverter2 */ = {
			isa = PBXGroup;
			children = (
				2D0E651A235510FC000FA707 /* AppDelegate.swift */,
				2D0E651C235510FC000FA707 /* SceneDelegate.swift */,
				2D0E651E235510FC000FA707 /* ContentView.swift */,
				2D0E6520235510FD000FA707 /* Assets.xcassets */,
				2D0E6525235510FD000FA707 /* LaunchScreen.storyboard */,
				2D0E6528235510FD000FA707 /* Info.plist */,
				2D0E6522235510FD000FA707 /* Preview Content */,
			);
			path = UnitConverter2;
			sourceTree = "<group>";
		};
		2D0E6522235510FD000FA707 /* Preview Content */ = {
			isa = PBXGroup;
			children = (
				2D0E6523235510FD000FA707 /* Preview Assets.xcassets */,
			);
			path = "Preview Content";
			sourceTree = "<group>";
		};
/* End PBXGroup section */

/* Begin PBXNativeTarget section */
		2D0E6516235510FC000FA707 /* UnitConverter2 */ = {
			isa = PBXNativeTarget;
			buildConfigurationList = 2D0E652B235510FD000FA707 /* Build configuration list for PBXNativeTarget "UnitConverter2" */;
			buildPhases = (
				2D0E6513235510FC000FA707 /* Sources */,
				2D0E6514235510FC000FA707 /* Frameworks */,
				2D0E6515235510FC000FA707 /* Resources */,
			);
			buildRules = (
			);
			dependencies = (
			);
			name = UnitConverter2;
			productName = UnitConverter2;
			productReference = 2D0E6517235510FC000FA707 /* UnitConverter2.app */;
			productType = "com.apple.product-type.application";
		};
/* End PBXNativeTarget section */

/* Begin PBXProject section */
		2D0E650F235510FB000FA707 /* Project object */ = {
			isa = PBXProject;
			attributes = {
				LastSwiftUpdateCheck = 1110;
				LastUpgradeCheck = 1110;
				ORGANIZATIONNAME = "Michele Galvagno";
				TargetAttributes = {
					2D0E6516235510FC000FA707 = {
						CreatedOnToolsVersion = 11.1;
					};
				};
			};
			buildConfigurationList = 2D0E6512235510FB000FA707 /* Build configuration list for PBXProject "UnitConverter2" */;
			compatibilityVersion = "Xcode 9.3";
			developmentRegion = en;
			hasScannedForEncodings = 0;
			knownRegions = (
				en,
				Base,
			);
			mainGroup = 2D0E650E235510FB000FA707;
			productRefGroup = 2D0E6518235510FC000FA707 /* Products */;
			projectDirPath = "";
			projectRoot = "";
			targets = (
				2D0E6516235510FC000FA707 /* UnitConverter2 */,
			);
		};
/* End PBXProject section */

/* Begin PBXResourcesBuildPhase section */
		2D0E6515235510FC000FA707 /* Resources */ = {
			isa = PBXResourcesBuildPhase;
			buildActionMask = 2147483647;
			files = (
				2D0E6527235510FD000FA707 /* LaunchScreen.storyboard in Resources */,
				2D0E6524235510FD000FA707 /* Preview Assets.xcassets in Resources */,
				2D0E6521235510FD000FA707 /* Assets.xcassets in Resources */,
			);
			runOnlyForDeploymentPostprocessing = 0;
		};
/* End PBXResourcesBuildPhase section */

/* Begin PBXSourcesBuildPhase section */
		2D0E6513235510FC000FA707 /* Sources */ = {
			isa = PBXSourcesBuildPhase;
			buildActionMask = 2147483647;
			files = (
				2D0E651B235510FC000FA707 /* AppDelegate.swift in Sources */,
				2D0E651D235510FC000FA707 /* SceneDelegate.swift in Sources */,
				2D0E651F235510FC000FA707 /* ContentView.swift in Sources */,
			);
			runOnlyForDeploymentPostprocessing = 0;
		};
/* End PBXSourcesBuildPhase section */

/* Begin PBXVariantGroup section */
		2D0E6525235510FD000FA707 /* LaunchScreen.storyboard */ = {
			isa = PBXVariantGroup;
			children = (
				2D0E6526235510FD000FA707 /* Base */,
			);
			name = LaunchScreen.storyboard;
			sourceTree = "<group>";
		};
/* End PBXVariantGroup section */

/* Begin XCBuildConfiguration section */
		2D0E6529235510FD000FA707 /* Debug */ = {
			isa = XCBuildConfiguration;
			buildSettings = {
				ALWAYS_SEARCH_USER_PATHS = NO;
				CLANG_ANALYZER_NONNULL = YES;
				CLANG_ANALYZER_NUMBER_OBJECT_CONVERSION = YES_AGGRESSIVE;
				CLANG_CXX_LANGUAGE_STANDARD = "gnu++14";
				CLANG_CXX_LIBRARY = "libc++";
				CLANG_ENABLE_MODULES = YES;
				CLANG_ENABLE_OBJC_ARC = YES;
				CLANG_ENABLE_OBJC_WEAK = YES;
				CLANG_WARN_BLOCK_CAPTURE_AUTORELEASING = YES;
				CLANG_WARN_BOOL_CONVERSION = YES;
				CLANG_WARN_COMMA = YES;
				CLANG_WARN_CONSTANT_CONVERSION = YES;
				CLANG_WARN_DEPRECATED_OBJC_IMPLEMENTATIONS = YES;
				CLANG_WARN_DIRECT_OBJC_ISA_USAGE = YES_ERROR;
				CLANG_WARN_DOCUMENTATION_COMMENTS = YES;
				CLANG_WARN_EMPTY_BODY = YES;
				CLANG_WARN_ENUM_CONVERSION = YES;
				CLANG_WARN_INFINITE_RECURSION = YES;
				CLANG_WARN_INT_CONVERSION = YES;
				CLANG_WARN_NON_LITERAL_NULL_CONVERSION = YES;
				CLANG_WARN_OBJC_IMPLICIT_RETAIN_SELF = YES;
				CLANG_WARN_OBJC_LITERAL_CONVERSION = YES;
				CLANG_WARN_OBJC_ROOT_CLASS = YES_ERROR;
				CLANG_WARN_RANGE_LOOP_ANALYSIS = YES;
				CLANG_WARN_STRICT_PROTOTYPES = YES;
				CLANG_WARN_SUSPICIOUS_MOVE = YES;
				CLANG_WARN_UNGUARDED_AVAILABILITY = YES_AGGRESSIVE;
				CLANG_WARN_UNREACHABLE_CODE = YES;
				CLANG_WARN__DUPLICATE_METHOD_MATCH = YES;
				COPY_PHASE_STRIP = NO;
				DEBUG_INFORMATION_FORMAT = dwarf;
				ENABLE_STRICT_OBJC_MSGSEND = YES;
				ENABLE_TESTABILITY = YES;
				GCC_C_LANGUAGE_STANDARD = gnu11;
				GCC_DYNAMIC_NO_PIC = NO;
				GCC_NO_COMMON_BLOCKS = YES;
				GCC_OPTIMIZATION_LEVEL = 0;
				GCC_PREPROCESSOR_DEFINITIONS = (
					"DEBUG=1",
					"$(inherited)",
				);
				GCC_WARN_64_TO_32_BIT_CONVERSION = YES;
				GCC_WARN_ABOUT_RETURN_TYPE = YES_ERROR;
				GCC_WARN_UNDECLARED_SELECTOR = YES;
				GCC_WARN_UNINITIALIZED_AUTOS = YES_AGGRESSIVE;
				GCC_WARN_UNUSED_FUNCTION = YES;
				GCC_WARN_UNUSED_VARIABLE = YES;
				IPHONEOS_DEPLOYMENT_TARGET = 13.1;
				MTL_ENABLE_DEBUG_INFO = INCLUDE_SOURCE;
				MTL_FAST_MATH = YES;
				ONLY_ACTIVE_ARCH = YES;
				SDKROOT = iphoneos;
				SWIFT_ACTIVE_COMPILATION_CONDITIONS = DEBUG;
				SWIFT_OPTIMIZATION_LEVEL = "-Onone";
			};
			name = Debug;
		};
		2D0E652A235510FD000FA707 /* Release */ = {
			isa = XCBuildConfiguration;
			buildSettings = {
				ALWAYS_SEARCH_USER_PATHS = NO;
				CLANG_ANALYZER_NONNULL = YES;
				CLANG_ANALYZER_NUMBER_OBJECT_CONVERSION = YES_AGGRESSIVE;
				CLANG_CXX_LANGUAGE_STANDARD = "gnu++14";
				CLANG_CXX_LIBRARY = "libc++";
				CLANG_ENABLE_MODULES = YES;
				CLANG_ENABLE_OBJC_ARC = YES;
				CLANG_ENABLE_OBJC_WEAK = YES;
				CLANG_WARN_BLOCK_CAPTURE_AUTORELEASING = YES;
				CLANG_WARN_BOOL_CONVERSION = YES;
				CLANG_WARN_COMMA = YES;
				CLANG_WARN_CONSTANT_CONVERSION = YES;
				CLANG_WARN_DEPRECATED_OBJC_IMPLEMENTATIONS = YES;
				CLANG_WARN_DIRECT_OBJC_ISA_USAGE = YES_ERROR;
				CLANG_WARN_DOCUMENTATION_COMMENTS = YES;
				CLANG_WARN_EMPTY_BODY = YES;
				CLANG_WARN_ENUM_CONVERSION = YES;
				CLANG_WARN_INFINITE_RECURSION = YES;
				CLANG_WARN_INT_CONVERSION = YES;
				CLANG_WARN_NON_LITERAL_NULL_CONVERSION = YES;
				CLANG_WARN_OBJC_IMPLICIT_RETAIN_SELF = YES;
				CLANG_WARN_OBJC_LITERAL_CONVERSION = YES;
				CLANG_WARN_OBJC_ROOT_CLASS = YES_ERROR;
				CLANG_WARN_RANGE_LOOP_ANALYSIS = YES;
				CLANG_WARN_STRICT_PROTOTYPES = YES;
				CLANG_WARN_SUSPICIOUS_MOVE = YES;
				CLANG_WARN_UNGUARDED_AVAILABILITY = YES_AGGRESSIVE;
				CLANG_WARN_UNREACHABLE_CODE = YES;
				CLANG_WARN__DUPLICATE_METHOD_MATCH = YES;
				COPY_PHASE_STRIP = NO;
				DEBUG_INFORMATION_FORMAT = "dwarf-with-dsym";
				ENABLE_NS_ASSERTIONS = NO;
				ENABLE_STRICT_OBJC_MSGSEND = YES;
				GCC_C_LANGUAGE_STANDARD = gnu11;
				GCC_NO_COMMON_BLOCKS = YES;
				GCC_WARN_64_TO_32_BIT_CONVERSION = YES;
				GCC_WARN_ABOUT_RETURN_TYPE = YES_ERROR;
				GCC_WARN_UNDECLARED_SELECTOR = YES;
				GCC_WARN_UNINITIALIZED_AUTOS = YES_AGGRESSIVE;
				GCC_WARN_UNUSED_FUNCTION = YES;
				GCC_WARN_UNUSED_VARIABLE = YES;
				IPHONEOS_DEPLOYMENT_TARGET = 13.1;
				MTL_ENABLE_DEBUG_INFO = NO;
				MTL_FAST_MATH = YES;
				SDKROOT = iphoneos;
				SWIFT_COMPILATION_MODE = wholemodule;
				SWIFT_OPTIMIZATION_LEVEL = "-O";
				VALIDATE_PRODUCT = YES;
			};
			name = Release;
		};
		2D0E652C235510FD000FA707 /* Debug */ = {
			isa = XCBuildConfiguration;
			buildSettings = {
				ASSETCATALOG_COMPILER_APPICON_NAME = AppIcon;
				CODE_SIGN_STYLE = Automatic;
				DEVELOPMENT_ASSET_PATHS = "\"UnitConverter2/Preview Content\"";
				DEVELOPMENT_TEAM = 68Z4323Q26;
				ENABLE_PREVIEWS = YES;
				INFOPLIST_FILE = UnitConverter2/Info.plist;
				LD_RUNPATH_SEARCH_PATHS = (
					"$(inherited)",
					"@executable_path/Frameworks",
				);
				PRODUCT_BUNDLE_IDENTIFIER = com.michelegalvagno.UnitConverter2;
				PRODUCT_NAME = "$(TARGET_NAME)";
				SWIFT_VERSION = 5.0;
				TARGETED_DEVICE_FAMILY = "1,2";
			};
			name = Debug;
		};
		2D0E652D235510FD000FA707 /* Release */ = {
			isa = XCBuildConfiguration;
			buildSettings = {
				ASSETCATALOG_COMPILER_APPICON_NAME = AppIcon;
				CODE_SIGN_STYLE = Automatic;
				DEVELOPMENT_ASSET_PATHS = "\"UnitConverter2/Preview Content\"";
				DEVELOPMENT_TEAM = 68Z4323Q26;
				ENABLE_PREVIEWS = YES;
				INFOPLIST_FILE = UnitConverter2/Info.plist;
				LD_RUNPATH_SEARCH_PATHS = (
					"$(inherited)",
					"@executable_path/Frameworks",
				);
				PRODUCT_BUNDLE_IDENTIFIER = com.michelegalvagno.UnitConverter2;
				PRODUCT_NAME = "$(TARGET_NAME)";
				SWIFT_VERSION = 5.0;
				TARGETED_DEVICE_FAMILY = "1,2";
			};
			name = Release;
		};
/* End XCBuildConfiguration section */

/* Begin XCConfigurationList section */
		2D0E6512235510FB000FA707 /* Build configuration list for PBXProject "UnitConverter2" */ = {
			isa = XCConfigurationList;
			buildConfigurations = (
				2D0E6529235510FD000FA707 /* Debug */,
				2D0E652A235510FD000FA707 /* Release */,
			);
			defaultConfigurationIsVisible = 0;
			defaultConfigurationName = Release;
		};
		2D0E652B235510FD000FA707 /* Build configuration list for PBXNativeTarget "UnitConverter2" */ = {
			isa = XCConfigurationList;
			buildConfigurations = (
				2D0E652C235510FD000FA707 /* Debug */,
				2D0E652D235510FD000FA707 /* Release */,
			);
			defaultConfigurationIsVisible = 0;
			defaultConfigurationName = Release;
		};
/* End XCConfigurationList section */
	};
	rootObject = 2D0E650F235510FB000FA707 /* Project object */;
}
