// !$*UTF8*$!
{
	archiveVersion = 1;
	classes = {
	};
	objectVersion = 50;
	objects = {

/* Begin PBXBuildFile section */
		2D816DD72353A2D900C608F7 /* AppDelegate.swift in Sources */ = {isa = PBXBuildFile; fileRef = 2D816DD62353A2D900C608F7 /* AppDelegate.swift */; };
		2D816DD92353A2D900C608F7 /* SceneDelegate.swift in Sources */ = {isa = PBXBuildFile; fileRef = 2D816DD82353A2D900C608F7 /* SceneDelegate.swift */; };
		2D816DDB2353A2D900C608F7 /* ContentView.swift in Sources */ = {isa = PBXBuildFile; fileRef = 2D816DDA2353A2D900C608F7 /* ContentView.swift */; };
		2D816DDD2353A2DB00C608F7 /* Assets.xcassets in Resources */ = {isa = PBXBuildFile; fileRef = 2D816DDC2353A2DB00C608F7 /* Assets.xcassets */; };
		2D816DE02353A2DB00C608F7 /* Preview Assets.xcassets in Resources */ = {isa = PBXBuildFile; fileRef = 2D816DDF2353A2DB00C608F7 /* Preview Assets.xcassets */; };
		2D816DE32353A2DB00C608F7 /* LaunchScreen.storyboard in Resources */ = {isa = PBXBuildFile; fileRef = 2D816DE12353A2DB00C608F7 /* LaunchScreen.storyboard */; };
		2D816DED2353A7B700C608F7 /* MultipleViews.swift in Sources */ = {isa = PBXBuildFile; fileRef = 2D816DEC2353A7B700C608F7 /* MultipleViews.swift */; };
		2D816DEF2353AAA500C608F7 /* 3x3Grid.swift in Sources */ = {isa = PBXBuildFile; fileRef = 2D816DEE2353AAA500C608F7 /* 3x3Grid.swift */; };
		2D816DF12353B9B900C608F7 /* Colors-and-Frames.swift in Sources */ = {isa = PBXBuildFile; fileRef = 2D816DF02353B9B900C608F7 /* Colors-and-Frames.swift */; };
		2D816DF32353C14200C608F7 /* Gradients.swift in Sources */ = {isa = PBXBuildFile; fileRef = 2D816DF22353C14200C608F7 /* Gradients.swift */; };
		2D816DF523547E5100C608F7 /* Buttons.swift in Sources */ = {isa = PBXBuildFile; fileRef = 2D816DF423547E5100C608F7 /* Buttons.swift */; };
		2D816DF72354893C00C608F7 /* Alerts.swift in Sources */ = {isa = PBXBuildFile; fileRef = 2D816DF62354893C00C608F7 /* Alerts.swift */; };
/* End PBXBuildFile section */

/* Begin PBXFileReference section */
		2D816DD32353A2D900C608F7 /* Guess the Flag.app */ = {isa = PBXFileReference; explicitFileType = wrapper.application; includeInIndex = 0; path = "Guess the Flag.app"; sourceTree = BUILT_PRODUCTS_DIR; };
		2D816DD62353A2D900C608F7 /* AppDelegate.swift */ = {isa = PBXFileReference; lastKnownFileType = sourcecode.swift; path = AppDelegate.swift; sourceTree = "<group>"; };
		2D816DD82353A2D900C608F7 /* SceneDelegate.swift */ = {isa = PBXFileReference; lastKnownFileType = sourcecode.swift; path = SceneDelegate.swift; sourceTree = "<group>"; };
		2D816DDA2353A2D900C608F7 /* ContentView.swift */ = {isa = PBXFileReference; lastKnownFileType = sourcecode.swift; path = ContentView.swift; sourceTree = "<group>"; };
		2D816DDC2353A2DB00C608F7 /* Assets.xcassets */ = {isa = PBXFileReference; lastKnownFileType = folder.assetcatalog; path = Assets.xcassets; sourceTree = "<group>"; };
		2D816DDF2353A2DB00C608F7 /* Preview Assets.xcassets */ = {isa = PBXFileReference; lastKnownFileType = folder.assetcatalog; path = "Preview Assets.xcassets"; sourceTree = "<group>"; };
		2D816DE22353A2DB00C608F7 /* Base */ = {isa = PBXFileReference; lastKnownFileType = file.storyboard; name = Base; path = Base.lproj/LaunchScreen.storyboard; sourceTree = "<group>"; };
		2D816DE42353A2DB00C608F7 /* Info.plist */ = {isa = PBXFileReference; lastKnownFileType = text.plist.xml; path = Info.plist; sourceTree = "<group>"; };
		2D816DEC2353A7B700C608F7 /* MultipleViews.swift */ = {isa = PBXFileReference; lastKnownFileType = sourcecode.swift; path = MultipleViews.swift; sourceTree = "<group>"; };
		2D816DEE2353AAA500C608F7 /* 3x3Grid.swift */ = {isa = PBXFileReference; lastKnownFileType = sourcecode.swift; path = 3x3Grid.swift; sourceTree = "<group>"; };
		2D816DF02353B9B900C608F7 /* Colors-and-Frames.swift */ = {isa = PBXFileReference; lastKnownFileType = sourcecode.swift; path = "Colors-and-Frames.swift"; sourceTree = "<group>"; };
		2D816DF22353C14200C608F7 /* Gradients.swift */ = {isa = PBXFileReference; lastKnownFileType = sourcecode.swift; path = Gradients.swift; sourceTree = "<group>"; };
		2D816DF423547E5100C608F7 /* Buttons.swift */ = {isa = PBXFileReference; lastKnownFileType = sourcecode.swift; path = Buttons.swift; sourceTree = "<group>"; };
		2D816DF62354893C00C608F7 /* Alerts.swift */ = {isa = PBXFileReference; lastKnownFileType = sourcecode.swift; path = Alerts.swift; sourceTree = "<group>"; };
/* End PBXFileReference section */

/* Begin PBXFrameworksBuildPhase section */
		2D816DD02353A2D900C608F7 /* Frameworks */ = {
			isa = PBXFrameworksBuildPhase;
			buildActionMask = 2147483647;
			files = (
			);
			runOnlyForDeploymentPostprocessing = 0;
		};
/* End PBXFrameworksBuildPhase section */

/* Begin PBXGroup section */
		2D816DCA2353A2D900C608F7 = {
			isa = PBXGroup;
			children = (
				2D816DD52353A2D900C608F7 /* Guess the Flag */,
				2D816DD42353A2D900C608F7 /* Products */,
			);
			sourceTree = "<group>";
		};
		2D816DD42353A2D900C608F7 /* Products */ = {
			isa = PBXGroup;
			children = (
				2D816DD32353A2D900C608F7 /* Guess the Flag.app */,
			);
			name = Products;
			sourceTree = "<group>";
		};
		2D816DD52353A2D900C608F7 /* Guess the Flag */ = {
			isa = PBXGroup;
			children = (
				2D816DEA2353A2FB00C608F7 /* Views */,
				2D816DEB2353A30E00C608F7 /* Support */,
				2D816DDA2353A2D900C608F7 /* ContentView.swift */,
				2D816DDC2353A2DB00C608F7 /* Assets.xcassets */,
				2D816DDE2353A2DB00C608F7 /* Preview Content */,
			);
			path = "Guess the Flag";
			sourceTree = "<group>";
		};
		2D816DDE2353A2DB00C608F7 /* Preview Content */ = {
			isa = PBXGroup;
			children = (
				2D816DDF2353A2DB00C608F7 /* Preview Assets.xcassets */,
			);
			path = "Preview Content";
			sourceTree = "<group>";
		};
		2D816DEA2353A2FB00C608F7 /* Views */ = {
			isa = PBXGroup;
			children = (
				2D816DEE2353AAA500C608F7 /* 3x3Grid.swift */,
				2D816DF423547E5100C608F7 /* Buttons.swift */,
				2D816DF62354893C00C608F7 /* Alerts.swift */,
				2D816DF02353B9B900C608F7 /* Colors-and-Frames.swift */,
				2D816DF22353C14200C608F7 /* Gradients.swift */,
				2D816DEC2353A7B700C608F7 /* MultipleViews.swift */,
			);
			path = Views;
			sourceTree = "<group>";
		};
		2D816DEB2353A30E00C608F7 /* Support */ = {
			isa = PBXGroup;
			children = (
				2D816DD62353A2D900C608F7 /* AppDelegate.swift */,
				2D816DD82353A2D900C608F7 /* SceneDelegate.swift */,
				2D816DE12353A2DB00C608F7 /* LaunchScreen.storyboard */,
				2D816DE42353A2DB00C608F7 /* Info.plist */,
			);
			path = Support;
			sourceTree = "<group>";
		};
/* End PBXGroup section */

/* Begin PBXNativeTarget section */
		2D816DD22353A2D900C608F7 /* Guess the Flag */ = {
			isa = PBXNativeTarget;
			buildConfigurationList = 2D816DE72353A2DB00C608F7 /* Build configuration list for PBXNativeTarget "Guess the Flag" */;
			buildPhases = (
				2D816DCF2353A2D900C608F7 /* Sources */,
				2D816DD02353A2D900C608F7 /* Frameworks */,
				2D816DD12353A2D900C608F7 /* Resources */,
			);
			buildRules = (
			);
			dependencies = (
			);
			name = "Guess the Flag";
			productName = "Guess the Flag";
			productReference = 2D816DD32353A2D900C608F7 /* Guess the Flag.app */;
			productType = "com.apple.product-type.application";
		};
/* End PBXNativeTarget section */

/* Begin PBXProject section */
		2D816DCB2353A2D900C608F7 /* Project object */ = {
			isa = PBXProject;
			attributes = {
				LastSwiftUpdateCheck = 1110;
				LastUpgradeCheck = 1110;
				ORGANIZATIONNAME = "Michele Galvagno";
				TargetAttributes = {
					2D816DD22353A2D900C608F7 = {
						CreatedOnToolsVersion = 11.1;
					};
				};
			};
			buildConfigurationList = 2D816DCE2353A2D900C608F7 /* Build configuration list for PBXProject "Guess the Flag" */;
			compatibilityVersion = "Xcode 9.3";
			developmentRegion = en;
			hasScannedForEncodings = 0;
			knownRegions = (
				en,
				Base,
			);
			mainGroup = 2D816DCA2353A2D900C608F7;
			productRefGroup = 2D816DD42353A2D900C608F7 /* Products */;
			projectDirPath = "";
			projectRoot = "";
			targets = (
				2D816DD22353A2D900C608F7 /* Guess the Flag */,
			);
		};
/* End PBXProject section */

/* Begin PBXResourcesBuildPhase section */
		2D816DD12353A2D900C608F7 /* Resources */ = {
			isa = PBXResourcesBuildPhase;
			buildActionMask = 2147483647;
			files = (
				2D816DE32353A2DB00C608F7 /* LaunchScreen.storyboard in Resources */,
				2D816DE02353A2DB00C608F7 /* Preview Assets.xcassets in Resources */,
				2D816DDD2353A2DB00C608F7 /* Assets.xcassets in Resources */,
			);
			runOnlyForDeploymentPostprocessing = 0;
		};
/* End PBXResourcesBuildPhase section */

/* Begin PBXSourcesBuildPhase section */
		2D816DCF2353A2D900C608F7 /* Sources */ = {
			isa = PBXSourcesBuildPhase;
			buildActionMask = 2147483647;
			files = (
				2D816DEF2353AAA500C608F7 /* 3x3Grid.swift in Sources */,
				2D816DED2353A7B700C608F7 /* MultipleViews.swift in Sources */,
				2D816DD72353A2D900C608F7 /* AppDelegate.swift in Sources */,
				2D816DF12353B9B900C608F7 /* Colors-and-Frames.swift in Sources */,
				2D816DD92353A2D900C608F7 /* SceneDelegate.swift in Sources */,
				2D816DF32353C14200C608F7 /* Gradients.swift in Sources */,
				2D816DDB2353A2D900C608F7 /* ContentView.swift in Sources */,
				2D816DF72354893C00C608F7 /* Alerts.swift in Sources */,
				2D816DF523547E5100C608F7 /* Buttons.swift in Sources */,
			);
			runOnlyForDeploymentPostprocessing = 0;
		};
/* End PBXSourcesBuildPhase section */

/* Begin PBXVariantGroup section */
		2D816DE12353A2DB00C608F7 /* LaunchScreen.storyboard */ = {
			isa = PBXVariantGroup;
			children = (
				2D816DE22353A2DB00C608F7 /* Base */,
			);
			name = LaunchScreen.storyboard;
			sourceTree = "<group>";
		};
/* End PBXVariantGroup section */

/* Begin XCBuildConfiguration section */
		2D816DE52353A2DB00C608F7 /* Debug */ = {
			isa = XCBuildConfiguration;
			buildSettings = {
				ALWAYS_SEARCH_USER_PATHS = NO;
				CLANG_ANALYZER_NONNULL = YES;
				CLANG_ANALYZER_NUMBER_OBJECT_CONVERSION = YES_AGGRESSIVE;
				CLANG_CXX_LANGUAGE_STANDARD = "gnu++14";
				CLANG_CXX_LIBRARY = "libc++";
				CLANG_ENABLE_MODULES = YES;
				CLANG_ENABLE_OBJC_ARC = YES;
				CLANG_ENABLE_OBJC_WEAK = YES;
				CLANG_WARN_BLOCK_CAPTURE_AUTORELEASING = YES;
				CLANG_WARN_BOOL_CONVERSION = YES;
				CLANG_WARN_COMMA = YES;
				CLANG_WARN_CONSTANT_CONVERSION = YES;
				CLANG_WARN_DEPRECATED_OBJC_IMPLEMENTATIONS = YES;
				CLANG_WARN_DIRECT_OBJC_ISA_USAGE = YES_ERROR;
				CLANG_WARN_DOCUMENTATION_COMMENTS = YES;
				CLANG_WARN_EMPTY_BODY = YES;
				CLANG_WARN_ENUM_CONVERSION = YES;
				CLANG_WARN_INFINITE_RECURSION = YES;
				CLANG_WARN_INT_CONVERSION = YES;
				CLANG_WARN_NON_LITERAL_NULL_CONVERSION = YES;
				CLANG_WARN_OBJC_IMPLICIT_RETAIN_SELF = YES;
				CLANG_WARN_OBJC_LITERAL_CONVERSION = YES;
				CLANG_WARN_OBJC_ROOT_CLASS = YES_ERROR;
				CLANG_WARN_RANGE_LOOP_ANALYSIS = YES;
				CLANG_WARN_STRICT_PROTOTYPES = YES;
				CLANG_WARN_SUSPICIOUS_MOVE = YES;
				CLANG_WARN_UNGUARDED_AVAILABILITY = YES_AGGRESSIVE;
				CLANG_WARN_UNREACHABLE_CODE = YES;
				CLANG_WARN__DUPLICATE_METHOD_MATCH = YES;
				COPY_PHASE_STRIP = NO;
				DEBUG_INFORMATION_FORMAT = dwarf;
				ENABLE_STRICT_OBJC_MSGSEND = YES;
				ENABLE_TESTABILITY = YES;
				GCC_C_LANGUAGE_STANDARD = gnu11;
				GCC_DYNAMIC_NO_PIC = NO;
				GCC_NO_COMMON_BLOCKS = YES;
				GCC_OPTIMIZATION_LEVEL = 0;
				GCC_PREPROCESSOR_DEFINITIONS = (
					"DEBUG=1",
					"$(inherited)",
				);
				GCC_WARN_64_TO_32_BIT_CONVERSION = YES;
				GCC_WARN_ABOUT_RETURN_TYPE = YES_ERROR;
				GCC_WARN_UNDECLARED_SELECTOR = YES;
				GCC_WARN_UNINITIALIZED_AUTOS = YES_AGGRESSIVE;
				GCC_WARN_UNUSED_FUNCTION = YES;
				GCC_WARN_UNUSED_VARIABLE = YES;
				IPHONEOS_DEPLOYMENT_TARGET = 13.1;
				MTL_ENABLE_DEBUG_INFO = INCLUDE_SOURCE;
				MTL_FAST_MATH = YES;
				ONLY_ACTIVE_ARCH = YES;
				SDKROOT = iphoneos;
				SWIFT_ACTIVE_COMPILATION_CONDITIONS = DEBUG;
				SWIFT_OPTIMIZATION_LEVEL = "-Onone";
			};
			name = Debug;
		};
		2D816DE62353A2DB00C608F7 /* Release */ = {
			isa = XCBuildConfiguration;
			buildSettings = {
				ALWAYS_SEARCH_USER_PATHS = NO;
				CLANG_ANALYZER_NONNULL = YES;
				CLANG_ANALYZER_NUMBER_OBJECT_CONVERSION = YES_AGGRESSIVE;
				CLANG_CXX_LANGUAGE_STANDARD = "gnu++14";
				CLANG_CXX_LIBRARY = "libc++";
				CLANG_ENABLE_MODULES = YES;
				CLANG_ENABLE_OBJC_ARC = YES;
				CLANG_ENABLE_OBJC_WEAK = YES;
				CLANG_WARN_BLOCK_CAPTURE_AUTORELEASING = YES;
				CLANG_WARN_BOOL_CONVERSION = YES;
				CLANG_WARN_COMMA = YES;
				CLANG_WARN_CONSTANT_CONVERSION = YES;
				CLANG_WARN_DEPRECATED_OBJC_IMPLEMENTATIONS = YES;
				CLANG_WARN_DIRECT_OBJC_ISA_USAGE = YES_ERROR;
				CLANG_WARN_DOCUMENTATION_COMMENTS = YES;
				CLANG_WARN_EMPTY_BODY = YES;
				CLANG_WARN_ENUM_CONVERSION = YES;
				CLANG_WARN_INFINITE_RECURSION = YES;
				CLANG_WARN_INT_CONVERSION = YES;
				CLANG_WARN_NON_LITERAL_NULL_CONVERSION = YES;
				CLANG_WARN_OBJC_IMPLICIT_RETAIN_SELF = YES;
				CLANG_WARN_OBJC_LITERAL_CONVERSION = YES;
				CLANG_WARN_OBJC_ROOT_CLASS = YES_ERROR;
				CLANG_WARN_RANGE_LOOP_ANALYSIS = YES;
				CLANG_WARN_STRICT_PROTOTYPES = YES;
				CLANG_WARN_SUSPICIOUS_MOVE = YES;
				CLANG_WARN_UNGUARDED_AVAILABILITY = YES_AGGRESSIVE;
				CLANG_WARN_UNREACHABLE_CODE = YES;
				CLANG_WARN__DUPLICATE_METHOD_MATCH = YES;
				COPY_PHASE_STRIP = NO;
				DEBUG_INFORMATION_FORMAT = "dwarf-with-dsym";
				ENABLE_NS_ASSERTIONS = NO;
				ENABLE_STRICT_OBJC_MSGSEND = YES;
				GCC_C_LANGUAGE_STANDARD = gnu11;
				GCC_NO_COMMON_BLOCKS = YES;
				GCC_WARN_64_TO_32_BIT_CONVERSION = YES;
				GCC_WARN_ABOUT_RETURN_TYPE = YES_ERROR;
				GCC_WARN_UNDECLARED_SELECTOR = YES;
				GCC_WARN_UNINITIALIZED_AUTOS = YES_AGGRESSIVE;
				GCC_WARN_UNUSED_FUNCTION = YES;
				GCC_WARN_UNUSED_VARIABLE = YES;
				IPHONEOS_DEPLOYMENT_TARGET = 13.1;
				MTL_ENABLE_DEBUG_INFO = NO;
				MTL_FAST_MATH = YES;
				SDKROOT = iphoneos;
				SWIFT_COMPILATION_MODE = wholemodule;
				SWIFT_OPTIMIZATION_LEVEL = "-O";
				VALIDATE_PRODUCT = YES;
			};
			name = Release;
		};
		2D816DE82353A2DB00C608F7 /* Debug */ = {
			isa = XCBuildConfiguration;
			buildSettings = {
				ASSETCATALOG_COMPILER_APPICON_NAME = AppIcon;
				CODE_SIGN_STYLE = Automatic;
				DEVELOPMENT_ASSET_PATHS = "\"Guess the Flag/Preview Content\"";
				DEVELOPMENT_TEAM = 68Z4323Q26;
				ENABLE_PREVIEWS = YES;
				INFOPLIST_FILE = "Guess the Flag/Support/Info.plist";
				LD_RUNPATH_SEARCH_PATHS = (
					"$(inherited)",
					"@executable_path/Frameworks",
				);
				PRODUCT_BUNDLE_IDENTIFIER = "com.michelegalvagno.Guess-the-Flag";
				PRODUCT_NAME = "$(TARGET_NAME)";
				SWIFT_VERSION = 5.0;
				TARGETED_DEVICE_FAMILY = "1,2";
			};
			name = Debug;
		};
		2D816DE92353A2DB00C608F7 /* Release */ = {
			isa = XCBuildConfiguration;
			buildSettings = {
				ASSETCATALOG_COMPILER_APPICON_NAME = AppIcon;
				CODE_SIGN_STYLE = Automatic;
				DEVELOPMENT_ASSET_PATHS = "\"Guess the Flag/Preview Content\"";
				DEVELOPMENT_TEAM = 68Z4323Q26;
				ENABLE_PREVIEWS = YES;
				INFOPLIST_FILE = "Guess the Flag/Support/Info.plist";
				LD_RUNPATH_SEARCH_PATHS = (
					"$(inherited)",
					"@executable_path/Frameworks",
				);
				PRODUCT_BUNDLE_IDENTIFIER = "com.michelegalvagno.Guess-the-Flag";
				PRODUCT_NAME = "$(TARGET_NAME)";
				SWIFT_VERSION = 5.0;
				TARGETED_DEVICE_FAMILY = "1,2";
			};
			name = Release;
		};
/* End XCBuildConfiguration section */

/* Begin XCConfigurationList section */
		2D816DCE2353A2D900C608F7 /* Build configuration list for PBXProject "Guess the Flag" */ = {
			isa = XCConfigurationList;
			buildConfigurations = (
				2D816DE52353A2DB00C608F7 /* Debug */,
				2D816DE62353A2DB00C608F7 /* Release */,
			);
			defaultConfigurationIsVisible = 0;
			defaultConfigurationName = Release;
		};
		2D816DE72353A2DB00C608F7 /* Build configuration list for PBXNativeTarget "Guess the Flag" */ = {
			isa = XCConfigurationList;
			buildConfigurations = (
				2D816DE82353A2DB00C608F7 /* Debug */,
				2D816DE92353A2DB00C608F7 /* Release */,
			);
			defaultConfigurationIsVisible = 0;
			defaultConfigurationName = Release;
		};
/* End XCConfigurationList section */
	};
	rootObject = 2D816DCB2353A2D900C608F7 /* Project object */;
}
